
Microsoft Visual Studio Solution File, Format Version 12.00
# Visual Studio Version 16
VisualStudioVersion = 16.0.30404.54
MinimumVisualStudioVersion = 10.0.40219.1
Project("{2150E333-8FDC-42A3-9474-1A3956D46DE8}") = "src", "src", "{E3E9C951-4ACA-40B9-BC5E-971523CA7E44}"
EndProject
Project("{FAE04EC0-301F-11D3-BF4B-00C04F79EFBC}") = "Either", "src\Either\Either.csproj", "{F24D15EC-130D-4978-AEAF-BA2B70A81E5E}"
EndProject
Project("{2150E333-8FDC-42A3-9474-1A3956D46DE8}") = "tests", "tests", "{8F830B06-0A1C-4556-AD95-60A0C6CFE1E9}"
EndProject
Project("{FAE04EC0-301F-11D3-BF4B-00C04F79EFBC}") = "Either.Tests", "tests\Either.Tests\Either.Tests.csproj", "{E0D2C5A9-C6A6-4F0F-B152-6AC0E0C65D04}"
EndProject
Project("{2150E333-8FDC-42A3-9474-1A3956D46DE8}") = "samples", "samples", "{450B44AF-25A8-4D09-BFE2-D11E61888B42}"
EndProject
Project("{FAE04EC0-301F-11D3-BF4B-00C04F79EFBC}") = "Either.Samples.WebApi", "samples\Either.Samples.WebApi\Either.Samples.WebApi.csproj", "{5245272A-3C5F-45D8-A2B9-71066C80BD89}"
EndProject
Global
	GlobalSection(SolutionProperties) = preSolution
		HideSolutionNode = FALSE
	EndGlobalSection
	GlobalSection(ExtensibilityGlobals) = postSolution
		SolutionGuid = {63A65F86-74D3-439F-BA57-740F0F55B3A2}
	EndGlobalSection
	GlobalSection(SolutionConfigurationPlatforms) = preSolution
		Debug|Any CPU = Debug|Any CPU
		Debug|x64 = Debug|x64
		Debug|x86 = Debug|x86
		Release|Any CPU = Release|Any CPU
		Release|x64 = Release|x64
		Release|x86 = Release|x86
	EndGlobalSection
	GlobalSection(ProjectConfigurationPlatforms) = postSolution
		{F24D15EC-130D-4978-AEAF-BA2B70A81E5E}.Debug|Any CPU.ActiveCfg = Debug|Any CPU
		{F24D15EC-130D-4978-AEAF-BA2B70A81E5E}.Debug|Any CPU.Build.0 = Debug|Any CPU
		{F24D15EC-130D-4978-AEAF-BA2B70A81E5E}.Debug|x64.ActiveCfg = Debug|Any CPU
		{F24D15EC-130D-4978-AEAF-BA2B70A81E5E}.Debug|x64.Build.0 = Debug|Any CPU
		{F24D15EC-130D-4978-AEAF-BA2B70A81E5E}.Debug|x86.ActiveCfg = Debug|Any CPU
		{F24D15EC-130D-4978-AEAF-BA2B70A81E5E}.Debug|x86.Build.0 = Debug|Any CPU
		{F24D15EC-130D-4978-AEAF-BA2B70A81E5E}.Release|Any CPU.ActiveCfg = Release|Any CPU
		{F24D15EC-130D-4978-AEAF-BA2B70A81E5E}.Release|Any CPU.Build.0 = Release|Any CPU
		{F24D15EC-130D-4978-AEAF-BA2B70A81E5E}.Release|x64.ActiveCfg = Release|Any CPU
		{F24D15EC-130D-4978-AEAF-BA2B70A81E5E}.Release|x64.Build.0 = Release|Any CPU
		{F24D15EC-130D-4978-AEAF-BA2B70A81E5E}.Release|x86.ActiveCfg = Release|Any CPU
		{F24D15EC-130D-4978-AEAF-BA2B70A81E5E}.Release|x86.Build.0 = Release|Any CPU
		{E0D2C5A9-C6A6-4F0F-B152-6AC0E0C65D04}.Debug|Any CPU.ActiveCfg = Debug|Any CPU
		{E0D2C5A9-C6A6-4F0F-B152-6AC0E0C65D04}.Debug|Any CPU.Build.0 = Debug|Any CPU
		{E0D2C5A9-C6A6-4F0F-B152-6AC0E0C65D04}.Debug|x64.ActiveCfg = Debug|Any CPU
		{E0D2C5A9-C6A6-4F0F-B152-6AC0E0C65D04}.Debug|x64.Build.0 = Debug|Any CPU
		{E0D2C5A9-C6A6-4F0F-B152-6AC0E0C65D04}.Debug|x86.ActiveCfg = Debug|Any CPU
		{E0D2C5A9-C6A6-4F0F-B152-6AC0E0C65D04}.Debug|x86.Build.0 = Debug|Any CPU
		{E0D2C5A9-C6A6-4F0F-B152-6AC0E0C65D04}.Release|Any CPU.ActiveCfg = Release|Any CPU
		{E0D2C5A9-C6A6-4F0F-B152-6AC0E0C65D04}.Release|Any CPU.Build.0 = Release|Any CPU
		{E0D2C5A9-C6A6-4F0F-B152-6AC0E0C65D04}.Release|x64.ActiveCfg = Release|Any CPU
		{E0D2C5A9-C6A6-4F0F-B152-6AC0E0C65D04}.Release|x64.Build.0 = Release|Any CPU
		{E0D2C5A9-C6A6-4F0F-B152-6AC0E0C65D04}.Release|x86.ActiveCfg = Release|Any CPU
		{E0D2C5A9-C6A6-4F0F-B152-6AC0E0C65D04}.Release|x86.Build.0 = Release|Any CPU
		{5245272A-3C5F-45D8-A2B9-71066C80BD89}.Debug|Any CPU.ActiveCfg = Debug|Any CPU
		{5245272A-3C5F-45D8-A2B9-71066C80BD89}.Debug|Any CPU.Build.0 = Debug|Any CPU
		{5245272A-3C5F-45D8-A2B9-71066C80BD89}.Debug|x64.ActiveCfg = Debug|Any CPU
		{5245272A-3C5F-45D8-A2B9-71066C80BD89}.Debug|x64.Build.0 = Debug|Any CPU
		{5245272A-3C5F-45D8-A2B9-71066C80BD89}.Debug|x86.ActiveCfg = Debug|Any CPU
		{5245272A-3C5F-45D8-A2B9-71066C80BD89}.Debug|x86.Build.0 = Debug|Any CPU
		{5245272A-3C5F-45D8-A2B9-71066C80BD89}.Release|Any CPU.ActiveCfg = Release|Any CPU
		{5245272A-3C5F-45D8-A2B9-71066C80BD89}.Release|Any CPU.Build.0 = Release|Any CPU
		{5245272A-3C5F-45D8-A2B9-71066C80BD89}.Release|x64.ActiveCfg = Release|Any CPU
		{5245272A-3C5F-45D8-A2B9-71066C80BD89}.Release|x64.Build.0 = Release|Any CPU
		{5245272A-3C5F-45D8-A2B9-71066C80BD89}.Release|x86.ActiveCfg = Release|Any CPU
		{5245272A-3C5F-45D8-A2B9-71066C80BD89}.Release|x86.Build.0 = Release|Any CPU
	EndGlobalSection
	GlobalSection(NestedProjects) = preSolution
		{F24D15EC-130D-4978-AEAF-BA2B70A81E5E} = {E3E9C951-4ACA-40B9-BC5E-971523CA7E44}
		{E0D2C5A9-C6A6-4F0F-B152-6AC0E0C65D04} = {8F830B06-0A1C-4556-AD95-60A0C6CFE1E9}
		{5245272A-3C5F-45D8-A2B9-71066C80BD89} = {450B44AF-25A8-4D09-BFE2-D11E61888B42}
	EndGlobalSection
EndGlobal
